// !$*UTF8*$!
{
	archiveVersion = 1;
	classes = {
	};
	objectVersion = 50;
	objects = {

/* Begin PBXBuildFile section */
		63189D50275A414500CBCE2A /* Generator.swift in Sources */ = {isa = PBXBuildFile; fileRef = 63189D4F275A414500CBCE2A /* Generator.swift */; };
		631AA1882722F639006A89C8 /* AppDelegate.m in Sources */ = {isa = PBXBuildFile; fileRef = 631AA1872722F639006A89C8 /* AppDelegate.m */; };
		631AA18B2722F639006A89C8 /* ViewController.m in Sources */ = {isa = PBXBuildFile; fileRef = 631AA18A2722F639006A89C8 /* ViewController.m */; };
		631AA18D2722F639006A89C8 /* Assets.xcassets in Resources */ = {isa = PBXBuildFile; fileRef = 631AA18C2722F639006A89C8 /* Assets.xcassets */; };
		631AA1932722F639006A89C8 /* main.m in Sources */ = {isa = PBXBuildFile; fileRef = 631AA1922722F639006A89C8 /* main.m */; };
		63AB185F2775E382000EFA2C /* Main.xib in Resources */ = {isa = PBXBuildFile; fileRef = 63AB185E2775E382000EFA2C /* Main.xib */; };
/* End PBXBuildFile section */

/* Begin PBXFileReference section */
		63189D4E275A414500CBCE2A /* Watermark-Bridging-Header.h */ = {isa = PBXFileReference; lastKnownFileType = sourcecode.c.h; path = "Watermark-Bridging-Header.h"; sourceTree = "<group>"; };
		63189D4F275A414500CBCE2A /* Generator.swift */ = {isa = PBXFileReference; lastKnownFileType = sourcecode.swift; path = Generator.swift; sourceTree = "<group>"; };
		631AA1832722F639006A89C8 /* Watermark.app */ = {isa = PBXFileReference; explicitFileType = wrapper.application; includeInIndex = 0; path = Watermark.app; sourceTree = BUILT_PRODUCTS_DIR; };
		631AA1862722F639006A89C8 /* AppDelegate.h */ = {isa = PBXFileReference; lastKnownFileType = sourcecode.c.h; path = AppDelegate.h; sourceTree = "<group>"; };
		631AA1872722F639006A89C8 /* AppDelegate.m */ = {isa = PBXFileReference; lastKnownFileType = sourcecode.c.objc; path = AppDelegate.m; sourceTree = "<group>"; };
		631AA1892722F639006A89C8 /* ViewController.h */ = {isa = PBXFileReference; lastKnownFileType = sourcecode.c.h; path = ViewController.h; sourceTree = "<group>"; };
		631AA18A2722F639006A89C8 /* ViewController.m */ = {isa = PBXFileReference; lastKnownFileType = sourcecode.c.objc; path = ViewController.m; sourceTree = "<group>"; };
		631AA18C2722F639006A89C8 /* Assets.xcassets */ = {isa = PBXFileReference; lastKnownFileType = folder.assetcatalog; path = Assets.xcassets; sourceTree = "<group>"; };
		631AA1912722F639006A89C8 /* Info.plist */ = {isa = PBXFileReference; lastKnownFileType = text.plist.xml; path = Info.plist; sourceTree = "<group>"; };
		631AA1922722F639006A89C8 /* main.m */ = {isa = PBXFileReference; lastKnownFileType = sourcecode.c.objc; path = main.m; sourceTree = "<group>"; };
		631AA1942722F639006A89C8 /* Watermark.entitlements */ = {isa = PBXFileReference; lastKnownFileType = text.plist.entitlements; path = Watermark.entitlements; sourceTree = "<group>"; };
		63AB185E2775E382000EFA2C /* Main.xib */ = {isa = PBXFileReference; fileEncoding = 4; lastKnownFileType = file.xib; name = Main.xib; path = ../../../Main.xib; sourceTree = "<group>"; };
/* End PBXFileReference section */

/* Begin PBXFrameworksBuildPhase section */
		631AA1802722F639006A89C8 /* Frameworks */ = {
			isa = PBXFrameworksBuildPhase;
			buildActionMask = 2147483647;
			files = (
			);
			runOnlyForDeploymentPostprocessing = 0;
		};
/* End PBXFrameworksBuildPhase section */

/* Begin PBXGroup section */
		631AA17A2722F639006A89C8 = {
			isa = PBXGroup;
			children = (
				631AA1852722F639006A89C8 /* Watermark */,
				631AA1842722F639006A89C8 /* Products */,
			);
			sourceTree = "<group>";
		};
		631AA1842722F639006A89C8 /* Products */ = {
			isa = PBXGroup;
			children = (
				631AA1832722F639006A89C8 /* Watermark.app */,
			);
			name = Products;
			sourceTree = "<group>";
		};
		631AA1852722F639006A89C8 /* Watermark */ = {
			isa = PBXGroup;
			children = (
				631AA1862722F639006A89C8 /* AppDelegate.h */,
				631AA1872722F639006A89C8 /* AppDelegate.m */,
				631AA1892722F639006A89C8 /* ViewController.h */,
				631AA18A2722F639006A89C8 /* ViewController.m */,
				63189D4F275A414500CBCE2A /* Generator.swift */,
				631AA18C2722F639006A89C8 /* Assets.xcassets */,
				63AB185E2775E382000EFA2C /* Main.xib */,
				631AA1912722F639006A89C8 /* Info.plist */,
				631AA1922722F639006A89C8 /* main.m */,
				631AA1942722F639006A89C8 /* Watermark.entitlements */,
				63189D4E275A414500CBCE2A /* Watermark-Bridging-Header.h */,
			);
			path = Watermark;
			sourceTree = "<group>";
		};
/* End PBXGroup section */

/* Begin PBXNativeTarget section */
		631AA1822722F639006A89C8 /* Watermark */ = {
			isa = PBXNativeTarget;
			buildConfigurationList = 631AA1972722F639006A89C8 /* Build configuration list for PBXNativeTarget "Watermark" */;
			buildPhases = (
				631AA17F2722F639006A89C8 /* Sources */,
				631AA1802722F639006A89C8 /* Frameworks */,
				631AA1812722F639006A89C8 /* Resources */,
			);
			buildRules = (
			);
			dependencies = (
			);
			name = Watermark;
			productName = Watermark;
			productReference = 631AA1832722F639006A89C8 /* Watermark.app */;
			productType = "com.apple.product-type.application";
		};
/* End PBXNativeTarget section */

/* Begin PBXProject section */
		631AA17B2722F639006A89C8 /* Project object */ = {
			isa = PBXProject;
			attributes = {
				LastUpgradeCheck = 1230;
				TargetAttributes = {
					631AA1822722F639006A89C8 = {
						CreatedOnToolsVersion = 12.3;
						LastSwiftMigration = 1230;
					};
				};
			};
			buildConfigurationList = 631AA17E2722F639006A89C8 /* Build configuration list for PBXProject "Watermark" */;
			compatibilityVersion = "Xcode 9.3";
			developmentRegion = en;
			hasScannedForEncodings = 0;
			knownRegions = (
				en,
				Base,
			);
			mainGroup = 631AA17A2722F639006A89C8;
			productRefGroup = 631AA1842722F639006A89C8 /* Products */;
			projectDirPath = "";
			projectRoot = "";
			targets = (
				631AA1822722F639006A89C8 /* Watermark */,
			);
		};
/* End PBXProject section */

/* Begin PBXResourcesBuildPhase section */
		631AA1812722F639006A89C8 /* Resources */ = {
			isa = PBXResourcesBuildPhase;
			buildActionMask = 2147483647;
			files = (
				631AA18D2722F639006A89C8 /* Assets.xcassets in Resources */,
				63AB185F2775E382000EFA2C /* Main.xib in Resources */,
			);
			runOnlyForDeploymentPostprocessing = 0;
		};
/* End PBXResourcesBuildPhase section */

/* Begin PBXSourcesBuildPhase section */
		631AA17F2722F639006A89C8 /* Sources */ = {
			isa = PBXSourcesBuildPhase;
			buildActionMask = 2147483647;
			files = (
				631AA18B2722F639006A89C8 /* ViewController.m in Sources */,
				63189D50275A414500CBCE2A /* Generator.swift in Sources */,
				631AA1932722F639006A89C8 /* main.m in Sources */,
				631AA1882722F639006A89C8 /* AppDelegate.m in Sources */,
			);
			runOnlyForDeploymentPostprocessing = 0;
		};
/* End PBXSourcesBuildPhase section */

/* Begin XCBuildConfiguration section */
		631AA1952722F639006A89C8 /* Debug */ = {
			isa = XCBuildConfiguration;
			buildSettings = {
				ALWAYS_SEARCH_USER_PATHS = NO;
				CLANG_ANALYZER_NONNULL = YES;
				CLANG_ANALYZER_NUMBER_OBJECT_CONVERSION = YES_AGGRESSIVE;
				CLANG_CXX_LANGUAGE_STANDARD = "gnu++14";
				CLANG_CXX_LIBRARY = "libc++";
				CLANG_ENABLE_MODULES = YES;
				CLANG_ENABLE_OBJC_ARC = YES;
				CLANG_ENABLE_OBJC_WEAK = YES;
				CLANG_WARN_BLOCK_CAPTURE_AUTORELEASING = YES;
				CLANG_WARN_BOOL_CONVERSION = YES;
				CLANG_WARN_COMMA = YES;
				CLANG_WARN_CONSTANT_CONVERSION = YES;
				CLANG_WARN_DEPRECATED_OBJC_IMPLEMENTATIONS = YES;
				CLANG_WARN_DIRECT_OBJC_ISA_USAGE = YES_ERROR;
				CLANG_WARN_DOCUMENTATION_COMMENTS = YES;
				CLANG_WARN_EMPTY_BODY = YES;
				CLANG_WARN_ENUM_CONVERSION = YES;
				CLANG_WARN_INFINITE_RECURSION = YES;
				CLANG_WARN_INT_CONVERSION = YES;
				CLANG_WARN_NON_LITERAL_NULL_CONVERSION = YES;
				CLANG_WARN_OBJC_IMPLICIT_RETAIN_SELF = YES;
				CLANG_WARN_OBJC_LITERAL_CONVERSION = YES;
				CLANG_WARN_OBJC_ROOT_CLASS = YES_ERROR;
				CLANG_WARN_QUOTED_INCLUDE_IN_FRAMEWORK_HEADER = YES;
				CLANG_WARN_RANGE_LOOP_ANALYSIS = YES;
				CLANG_WARN_STRICT_PROTOTYPES = YES;
				CLANG_WARN_SUSPICIOUS_MOVE = YES;
				CLANG_WARN_UNGUARDED_AVAILABILITY = YES_AGGRESSIVE;
				CLANG_WARN_UNREACHABLE_CODE = YES;
				CLANG_WARN__DUPLICATE_METHOD_MATCH = YES;
				COPY_PHASE_STRIP = NO;
				DEBUG_INFORMATION_FORMAT = dwarf;
				ENABLE_STRICT_OBJC_MSGSEND = YES;
				ENABLE_TESTABILITY = YES;
				GCC_C_LANGUAGE_STANDARD = gnu11;
				GCC_DYNAMIC_NO_PIC = NO;
				GCC_NO_COMMON_BLOCKS = YES;
				GCC_OPTIMIZATION_LEVEL = 0;
				GCC_PREPROCESSOR_DEFINITIONS = (
					"DEBUG=1",
					"$(inherited)",
				);
				GCC_WARN_64_TO_32_BIT_CONVERSION = YES;
				GCC_WARN_ABOUT_RETURN_TYPE = YES_ERROR;
				GCC_WARN_UNDECLARED_SELECTOR = YES;
				GCC_WARN_UNINITIALIZED_AUTOS = YES_AGGRESSIVE;
				GCC_WARN_UNUSED_FUNCTION = YES;
				GCC_WARN_UNUSED_VARIABLE = YES;
				MACOSX_DEPLOYMENT_TARGET = 10.10;
				MTL_ENABLE_DEBUG_INFO = INCLUDE_SOURCE;
				MTL_FAST_MATH = YES;
				ONLY_ACTIVE_ARCH = YES;
				SDKROOT = macosx;
			};
			name = Debug;
		};
		631AA1962722F639006A89C8 /* Release */ = {
			isa = XCBuildConfiguration;
			buildSettings = {
				ALWAYS_SEARCH_USER_PATHS = NO;
				CLANG_ANALYZER_NONNULL = YES;
				CLANG_ANALYZER_NUMBER_OBJECT_CONVERSION = YES_AGGRESSIVE;
				CLANG_CXX_LANGUAGE_STANDARD = "gnu++14";
				CLANG_CXX_LIBRARY = "libc++";
				CLANG_ENABLE_MODULES = YES;
				CLANG_ENABLE_OBJC_ARC = YES;
				CLANG_ENABLE_OBJC_WEAK = YES;
				CLANG_WARN_BLOCK_CAPTURE_AUTORELEASING = YES;
				CLANG_WARN_BOOL_CONVERSION = YES;
				CLANG_WARN_COMMA = YES;
				CLANG_WARN_CONSTANT_CONVERSION = YES;
				CLANG_WARN_DEPRECATED_OBJC_IMPLEMENTATIONS = YES;
				CLANG_WARN_DIRECT_OBJC_ISA_USAGE = YES_ERROR;
				CLANG_WARN_DOCUMENTATION_COMMENTS = YES;
				CLANG_WARN_EMPTY_BODY = YES;
				CLANG_WARN_ENUM_CONVERSION = YES;
				CLANG_WARN_INFINITE_RECURSION = YES;
				CLANG_WARN_INT_CONVERSION = YES;
				CLANG_WARN_NON_LITERAL_NULL_CONVERSION = YES;
				CLANG_WARN_OBJC_IMPLICIT_RETAIN_SELF = YES;
				CLANG_WARN_OBJC_LITERAL_CONVERSION = YES;
				CLANG_WARN_OBJC_ROOT_CLASS = YES_ERROR;
				CLANG_WARN_QUOTED_INCLUDE_IN_FRAMEWORK_HEADER = YES;
				CLANG_WARN_RANGE_LOOP_ANALYSIS = YES;
				CLANG_WARN_STRICT_PROTOTYPES = YES;
				CLANG_WARN_SUSPICIOUS_MOVE = YES;
				CLANG_WARN_UNGUARDED_AVAILABILITY = YES_AGGRESSIVE;
				CLANG_WARN_UNREACHABLE_CODE = YES;
				CLANG_WARN__DUPLICATE_METHOD_MATCH = YES;
				COPY_PHASE_STRIP = NO;
				DEBUG_INFORMATION_FORMAT = "dwarf-with-dsym";
				ENABLE_NS_ASSERTIONS = NO;
				ENABLE_STRICT_OBJC_MSGSEND = YES;
				GCC_C_LANGUAGE_STANDARD = gnu11;
				GCC_NO_COMMON_BLOCKS = YES;
				GCC_WARN_64_TO_32_BIT_CONVERSION = YES;
				GCC_WARN_ABOUT_RETURN_TYPE = YES_ERROR;
				GCC_WARN_UNDECLARED_SELECTOR = YES;
				GCC_WARN_UNINITIALIZED_AUTOS = YES_AGGRESSIVE;
				GCC_WARN_UNUSED_FUNCTION = YES;
				GCC_WARN_UNUSED_VARIABLE = YES;
				MACOSX_DEPLOYMENT_TARGET = 10.10;
				MTL_ENABLE_DEBUG_INFO = NO;
				MTL_FAST_MATH = YES;
				SDKROOT = macosx;
			};
			name = Release;
		};
		631AA1982722F639006A89C8 /* Debug */ = {
			isa = XCBuildConfiguration;
			buildSettings = {
				ASSETCATALOG_COMPILER_APPICON_NAME = AppIcon;
				ASSETCATALOG_COMPILER_GLOBAL_ACCENT_COLOR_NAME = AccentColor;
				CLANG_ENABLE_MODULES = YES;
				CODE_SIGN_ENTITLEMENTS = Watermark/Watermark.entitlements;
				CODE_SIGN_STYLE = Automatic;
				COMBINE_HIDPI_IMAGES = YES;
				CURRENT_PROJECT_VERSION = 4;
				DEVELOPMENT_TEAM = 4Y4T5YP7F2;
				ENABLE_HARDENED_RUNTIME = YES;
				INFOPLIST_FILE = Watermark/Info.plist;
				LD_RUNPATH_SEARCH_PATHS = (
					"$(inherited)",
					"@executable_path/../Frameworks",
				);
				MACOSX_DEPLOYMENT_TARGET = 10.9;
				MARKETING_VERSION = 1.3;
				PRODUCT_BUNDLE_IDENTIFIER = org.c191239.Watermark;
				PRODUCT_NAME = "$(TARGET_NAME)";
				SWIFT_OBJC_BRIDGING_HEADER = "Watermark/Watermark-Bridging-Header.h";
				SWIFT_OPTIMIZATION_LEVEL = "-Onone";
				SWIFT_VERSION = 5.0;
			};
			name = Debug;
		};
		631AA1992722F639006A89C8 /* Release */ = {
			isa = XCBuildConfiguration;
			buildSettings = {
				ASSETCATALOG_COMPILER_APPICON_NAME = AppIcon;
				ASSETCATALOG_COMPILER_GLOBAL_ACCENT_COLOR_NAME = AccentColor;
				CLANG_ENABLE_MODULES = YES;
				CODE_SIGN_ENTITLEMENTS = Watermark/Watermark.entitlements;
				CODE_SIGN_STYLE = Automatic;
				COMBINE_HIDPI_IMAGES = YES;
				CURRENT_PROJECT_VERSION = 4;
				DEVELOPMENT_TEAM = 4Y4T5YP7F2;
				ENABLE_HARDENED_RUNTIME = YES;
				INFOPLIST_FILE = Watermark/Info.plist;
				LD_RUNPATH_SEARCH_PATHS = (
					"$(inherited)",
					"@executable_path/../Frameworks",
				);
				MACOSX_DEPLOYMENT_TARGET = 10.9;
				MARKETING_VERSION = 1.3;
				PRODUCT_BUNDLE_IDENTIFIER = org.c191239.Watermark;
				PRODUCT_NAME = "$(TARGET_NAME)";
				SWIFT_OBJC_BRIDGING_HEADER = "Watermark/Watermark-Bridging-Header.h";
				SWIFT_VERSION = 5.0;
			};
			name = Release;
		};
/* End XCBuildConfiguration section */

/* Begin XCConfigurationList section */
		631AA17E2722F639006A89C8 /* Build configuration list for PBXProject "Watermark" */ = {
			isa = XCConfigurationList;
			buildConfigurations = (
				631AA1952722F639006A89C8 /* Debug */,
				631AA1962722F639006A89C8 /* Release */,
			);
			defaultConfigurationIsVisible = 0;
			defaultConfigurationName = Release;
		};
		631AA1972722F639006A89C8 /* Build configuration list for PBXNativeTarget "Watermark" */ = {
			isa = XCConfigurationList;
			buildConfigurations = (
				631AA1982722F639006A89C8 /* Debug */,
				631AA1992722F639006A89C8 /* Release */,
			);
			defaultConfigurationIsVisible = 0;
			defaultConfigurationName = Release;
		};
/* End XCConfigurationList section */
	};
	rootObject = 631AA17B2722F639006A89C8 /* Project object */;
}
